
Microsoft Visual Studio Solution File, Format Version 12.00
# Visual Studio Version 16
VisualStudioVersion = 16.0.30907.101
MinimumVisualStudioVersion = 10.0.40219.1
Project("{2150E333-8FDC-42A3-9474-1A3956D46DE8}") = "Data", "Data", "{14B4B10B-76EB-4E8B-B0A4-480C4814717C}"
EndProject
Project("{2150E333-8FDC-42A3-9474-1A3956D46DE8}") = "Presentation", "Presentation", "{7C6270BC-F324-4EFB-9D4B-CDFFB944B005}"
EndProject
Project("{FAE04EC0-301F-11D3-BF4B-00C04F79EFBC}") = "SocialNetwork.ConsoleApp", "SocialNetwork.ConsoleApp\SocialNetwork.ConsoleApp.csproj", "{43FD6B86-1029-460B-80C0-532DAFB43174}"
EndProject
Project("{FAE04EC0-301F-11D3-BF4B-00C04F79EFBC}") = "SocialNetwork.Data", "SocialNetwork.Data\SocialNetwork.Data.csproj", "{5B173A29-C00A-43AA-9069-7B5A09B6E0B1}"
EndProject
Global
	GlobalSection(SolutionConfigurationPlatforms) = preSolution
		Debug|Any CPU = Debug|Any CPU
		Release|Any CPU = Release|Any CPU
	EndGlobalSection
	GlobalSection(ProjectConfigurationPlatforms) = postSolution
		{43FD6B86-1029-460B-80C0-532DAFB43174}.Debug|Any CPU.ActiveCfg = Debug|Any CPU
		{43FD6B86-1029-460B-80C0-532DAFB43174}.Debug|Any CPU.Build.0 = Debug|Any CPU
		{43FD6B86-1029-460B-80C0-532DAFB43174}.Release|Any CPU.ActiveCfg = Release|Any CPU
		{43FD6B86-1029-460B-80C0-532DAFB43174}.Release|Any CPU.Build.0 = Release|Any CPU
		{5B173A29-C00A-43AA-9069-7B5A09B6E0B1}.Debug|Any CPU.ActiveCfg = Debug|Any CPU
		{5B173A29-C00A-43AA-9069-7B5A09B6E0B1}.Debug|Any CPU.Build.0 = Debug|Any CPU
		{5B173A29-C00A-43AA-9069-7B5A09B6E0B1}.Release|Any CPU.ActiveCfg = Release|Any CPU
		{5B173A29-C00A-43AA-9069-7B5A09B6E0B1}.Release|Any CPU.Build.0 = Release|Any CPU
	EndGlobalSection
	GlobalSection(SolutionProperties) = preSolution
		HideSolutionNode = FALSE
	EndGlobalSection
	GlobalSection(NestedProjects) = preSolution
		{43FD6B86-1029-460B-80C0-532DAFB43174} = {7C6270BC-F324-4EFB-9D4B-CDFFB944B005}
		{5B173A29-C00A-43AA-9069-7B5A09B6E0B1} = {14B4B10B-76EB-4E8B-B0A4-480C4814717C}
	EndGlobalSection
	GlobalSection(ExtensibilityGlobals) = postSolution
		SolutionGuid = {5FA82D4B-0EE1-4FA2-B268-50F75E3E6EA8}
	EndGlobalSection
EndGlobal
